
Microsoft Visual Studio Solution File, Format Version 12.00
# Visual Studio Version 17
VisualStudioVersion = 17.5.33516.290
MinimumVisualStudioVersion = 10.0.40219.1
Project("{FAE04EC0-301F-11D3-BF4B-00C04F79EFBC}") = "AvaloniaApplication2", "AvaloniaApplication2\AvaloniaApplication2.csproj", "{2102A850-3311-461A-87E2-1A420F4AAC5A}"
EndProject
Global
	GlobalSection(SolutionConfigurationPlatforms) = preSolution
		Debug|Any CPU = Debug|Any CPU
		Release|Any CPU = Release|Any CPU
	EndGlobalSection
	GlobalSection(ProjectConfigurationPlatforms) = postSolution
		{2102A850-3311-461A-87E2-1A420F4AAC5A}.Debug|Any CPU.ActiveCfg = Debug|Any CPU
		{2102A850-3311-461A-87E2-1A420F4AAC5A}.Debug|Any CPU.Build.0 = Debug|Any CPU
		{2102A850-3311-461A-87E2-1A420F4AAC5A}.Release|Any CPU.ActiveCfg = Release|Any CPU
		{2102A850-3311-461A-87E2-1A420F4AAC5A}.Release|Any CPU.Build.0 = Release|Any CPU
	EndGlobalSection
	GlobalSection(SolutionProperties) = preSolution
		HideSolutionNode = FALSE
	EndGlobalSection
	GlobalSection(ExtensibilityGlobals) = postSolution
		SolutionGuid = {EFAC4C3A-0C86-4B47-8CCC-628F4D27766C}
	EndGlobalSection
EndGlobal
